
Microsoft Visual Studio Solution File, Format Version 12.00
# Visual Studio Version 17
VisualStudioVersion = 17.1.32228.430
MinimumVisualStudioVersion = 10.0.40219.1
Project("{FAE04EC0-301F-11D3-BF4B-00C04F79EFBC}") = "PetsMapsCF", "PetsMapsCF\PetsMapsCF.csproj", "{1D742B0A-6F45-4605-B394-E2C81907C265}"
EndProject
Global
	GlobalSection(SolutionConfigurationPlatforms) = preSolution
		Debug|Any CPU = Debug|Any CPU
		Release|Any CPU = Release|Any CPU
	EndGlobalSection
	GlobalSection(ProjectConfigurationPlatforms) = postSolution
		{1D742B0A-6F45-4605-B394-E2C81907C265}.Debug|Any CPU.ActiveCfg = Debug|Any CPU
		{1D742B0A-6F45-4605-B394-E2C81907C265}.Debug|Any CPU.Build.0 = Debug|Any CPU
		{1D742B0A-6F45-4605-B394-E2C81907C265}.Release|Any CPU.ActiveCfg = Release|Any CPU
		{1D742B0A-6F45-4605-B394-E2C81907C265}.Release|Any CPU.Build.0 = Release|Any CPU
	EndGlobalSection
	GlobalSection(SolutionProperties) = preSolution
		HideSolutionNode = FALSE
	EndGlobalSection
	GlobalSection(ExtensibilityGlobals) = postSolution
		SolutionGuid = {D42360E1-C842-44CE-AE8F-FB4F14C4C709}
	EndGlobalSection
EndGlobal
